// !$*UTF8*$!
{
	archiveVersion = 1;
	classes = {
	};
	objectVersion = 46;
	objects = {

/* Begin PBXBuildFile section */
		2E0D92E31F593471005CBAEA /* MapVC+MapboxDelegate.swift in Sources */ = {isa = PBXBuildFile; fileRef = 2E0D92E21F593471005CBAEA /* MapVC+MapboxDelegate.swift */; };
		2E0D92E71F594145005CBAEA /* MapVC+Utilities.swift in Sources */ = {isa = PBXBuildFile; fileRef = 2E0D92E61F594145005CBAEA /* MapVC+Utilities.swift */; };
		2E0D92EA1F594233005CBAEA /* MapVC+OrgnizeSubViews.swift in Sources */ = {isa = PBXBuildFile; fileRef = 2E0D92E91F594233005CBAEA /* MapVC+OrgnizeSubViews.swift */; };
		2E0D92EC1F595451005CBAEA /* MapVC+UserInteraction.swift in Sources */ = {isa = PBXBuildFile; fileRef = 2E0D92EB1F595451005CBAEA /* MapVC+UserInteraction.swift */; };
		2E0D92EE1F59AA85005CBAEA /* Animo.framework in Frameworks */ = {isa = PBXBuildFile; fileRef = 2E0D92ED1F59AA85005CBAEA /* Animo.framework */; };
		2E0D92EF1F59AA85005CBAEA /* Animo.framework in Embed Frameworks */ = {isa = PBXBuildFile; fileRef = 2E0D92ED1F59AA85005CBAEA /* Animo.framework */; settings = {ATTRIBUTES = (CodeSignOnCopy, RemoveHeadersOnCopy, ); }; };
		2E1003041F5F91CE0093A380 /* SnapKit.framework in Frameworks */ = {isa = PBXBuildFile; fileRef = 2E1003031F5F91CE0093A380 /* SnapKit.framework */; };
		2E1003051F5F91CE0093A380 /* SnapKit.framework in Embed Frameworks */ = {isa = PBXBuildFile; fileRef = 2E1003031F5F91CE0093A380 /* SnapKit.framework */; settings = {ATTRIBUTES = (CodeSignOnCopy, RemoveHeadersOnCopy, ); }; };
		2E1640421F5D85A6006CFC4D /* BinInfromationViewController.swift in Sources */ = {isa = PBXBuildFile; fileRef = 2E1640411F5D85A6006CFC4D /* BinInfromationViewController.swift */; };
		2E1640441F5D8A03006CFC4D /* Hero.framework in Frameworks */ = {isa = PBXBuildFile; fileRef = 2E1640431F5D8A03006CFC4D /* Hero.framework */; };
		2E1640451F5D8A03006CFC4D /* Hero.framework in Embed Frameworks */ = {isa = PBXBuildFile; fileRef = 2E1640431F5D8A03006CFC4D /* Hero.framework */; settings = {ATTRIBUTES = (CodeSignOnCopy, RemoveHeadersOnCopy, ); }; };
		2E2009B71F5A5470008FBF26 /* MapVC+DrawMap.swift in Sources */ = {isa = PBXBuildFile; fileRef = 2E2009B61F5A5470008FBF26 /* MapVC+DrawMap.swift */; };
		2E2009B91F5AFCFD008FBF26 /* AMPopTip.framework in Frameworks */ = {isa = PBXBuildFile; fileRef = 2E2009B81F5AFCFD008FBF26 /* AMPopTip.framework */; };
		2E2009BA1F5AFCFD008FBF26 /* AMPopTip.framework in Embed Frameworks */ = {isa = PBXBuildFile; fileRef = 2E2009B81F5AFCFD008FBF26 /* AMPopTip.framework */; settings = {ATTRIBUTES = (CodeSignOnCopy, RemoveHeadersOnCopy, ); }; };
		2E2009BC1F5B01EF008FBF26 /* StyleCalloutView.swift in Sources */ = {isa = PBXBuildFile; fileRef = 2E2009BB1F5B01EF008FBF26 /* StyleCalloutView.swift */; };
		2E2009BE1F5B2651008FBF26 /* Stellar.framework in Frameworks */ = {isa = PBXBuildFile; fileRef = 2E2009BD1F5B2651008FBF26 /* Stellar.framework */; };
		2E2009BF1F5B2651008FBF26 /* Stellar.framework in Embed Frameworks */ = {isa = PBXBuildFile; fileRef = 2E2009BD1F5B2651008FBF26 /* Stellar.framework */; settings = {ATTRIBUTES = (CodeSignOnCopy, RemoveHeadersOnCopy, ); }; };
		2E38B7421F5EBF2E001CC676 /* MapboxStatic.framework in Frameworks */ = {isa = PBXBuildFile; fileRef = 2E38B7411F5EBF2E001CC676 /* MapboxStatic.framework */; };
		2E38B7431F5EBF2E001CC676 /* MapboxStatic.framework in Embed Frameworks */ = {isa = PBXBuildFile; fileRef = 2E38B7411F5EBF2E001CC676 /* MapboxStatic.framework */; settings = {ATTRIBUTES = (CodeSignOnCopy, RemoveHeadersOnCopy, ); }; };
		2E5F4D311F42FC270050AD76 /* AppDelegate.swift in Sources */ = {isa = PBXBuildFile; fileRef = 2E5F4D301F42FC270050AD76 /* AppDelegate.swift */; };
		2E5F4D331F42FC270050AD76 /* MapViewController.swift in Sources */ = {isa = PBXBuildFile; fileRef = 2E5F4D321F42FC270050AD76 /* MapViewController.swift */; };
		2E5F4D361F42FC270050AD76 /* Main.storyboard in Resources */ = {isa = PBXBuildFile; fileRef = 2E5F4D341F42FC270050AD76 /* Main.storyboard */; };
		2E5F4D391F42FC270050AD76 /* Environment_Behavior.xcdatamodeld in Sources */ = {isa = PBXBuildFile; fileRef = 2E5F4D371F42FC270050AD76 /* Environment_Behavior.xcdatamodeld */; };
		2E5F4D3B1F42FC270050AD76 /* Assets.xcassets in Resources */ = {isa = PBXBuildFile; fileRef = 2E5F4D3A1F42FC270050AD76 /* Assets.xcassets */; };
		2E5F4D3E1F42FC270050AD76 /* LaunchScreen.storyboard in Resources */ = {isa = PBXBuildFile; fileRef = 2E5F4D3C1F42FC270050AD76 /* LaunchScreen.storyboard */; };
		2E5F4D461F42FC520050AD76 /* Mapbox.framework in Frameworks */ = {isa = PBXBuildFile; fileRef = 2E5F4D451F42FC520050AD76 /* Mapbox.framework */; };
		2E5F4D471F42FC520050AD76 /* Mapbox.framework in Embed Frameworks */ = {isa = PBXBuildFile; fileRef = 2E5F4D451F42FC520050AD76 /* Mapbox.framework */; settings = {ATTRIBUTES = (CodeSignOnCopy, RemoveHeadersOnCopy, ); }; };
		2E5F4D521F4301A40050AD76 /* NodeAnnotation.swift in Sources */ = {isa = PBXBuildFile; fileRef = 2E5F4D4A1F4301A40050AD76 /* NodeAnnotation.swift */; };
		2E5F4D531F4301A40050AD76 /* StyleAnnotationView.swift in Sources */ = {isa = PBXBuildFile; fileRef = 2E5F4D4B1F4301A40050AD76 /* StyleAnnotationView.swift */; };
		2E5F4D541F4301A40050AD76 /* RouteLine.swift in Sources */ = {isa = PBXBuildFile; fileRef = 2E5F4D4C1F4301A40050AD76 /* RouteLine.swift */; };
		2E5F4D551F4301A40050AD76 /* Node.swift in Sources */ = {isa = PBXBuildFile; fileRef = 2E5F4D4D1F4301A40050AD76 /* Node.swift */; };
		2E5F4D561F4301A40050AD76 /* WebGraph.swift in Sources */ = {isa = PBXBuildFile; fileRef = 2E5F4D4E1F4301A40050AD76 /* WebGraph.swift */; };
		2E5F4D571F4301A40050AD76 /* Stack.swift in Sources */ = {isa = PBXBuildFile; fileRef = 2E5F4D4F1F4301A40050AD76 /* Stack.swift */; };
		2E5F4D581F4301A40050AD76 /* Array+RemovObject.swift in Sources */ = {isa = PBXBuildFile; fileRef = 2E5F4D501F4301A40050AD76 /* Array+RemovObject.swift */; };
		2E5F4D591F4301A40050AD76 /* Queue.swift in Sources */ = {isa = PBXBuildFile; fileRef = 2E5F4D511F4301A40050AD76 /* Queue.swift */; };
		2E7A00EA1F4DCE4A001D16C8 /* Hero.framework in Embed Frameworks */ = {isa = PBXBuildFile; fileRef = 2E7A00E81F4DCE4A001D16C8 /* Hero.framework */; settings = {ATTRIBUTES = (CodeSignOnCopy, RemoveHeadersOnCopy, ); }; };
		2E851DDD1F442D22003AC75E /* StyleAnnotationImage.swift in Sources */ = {isa = PBXBuildFile; fileRef = 2E851DDC1F442D22003AC75E /* StyleAnnotationImage.swift */; };
		2EEA85D71F46CD9C009134EC /* Hero.framework in Frameworks */ = {isa = PBXBuildFile; fileRef = 2EEA85D61F46CD9C009134EC /* Hero.framework */; };
/* End PBXBuildFile section */

/* Begin PBXCopyFilesBuildPhase section */
		2E5F4D481F42FC520050AD76 /* Embed Frameworks */ = {
			isa = PBXCopyFilesBuildPhase;
			buildActionMask = 2147483647;
			dstPath = "";
			dstSubfolderSpec = 10;
			files = (
				2E2009BF1F5B2651008FBF26 /* Stellar.framework in Embed Frameworks */,
				2E2009BA1F5AFCFD008FBF26 /* AMPopTip.framework in Embed Frameworks */,
				2E1640451F5D8A03006CFC4D /* Hero.framework in Embed Frameworks */,
				2E7A00EA1F4DCE4A001D16C8 /* Hero.framework in Embed Frameworks */,
				2E38B7431F5EBF2E001CC676 /* MapboxStatic.framework in Embed Frameworks */,
				2E5F4D471F42FC520050AD76 /* Mapbox.framework in Embed Frameworks */,
				2E0D92EF1F59AA85005CBAEA /* Animo.framework in Embed Frameworks */,
				2E1003051F5F91CE0093A380 /* SnapKit.framework in Embed Frameworks */,
			);
			name = "Embed Frameworks";
			runOnlyForDeploymentPostprocessing = 0;
		};
/* End PBXCopyFilesBuildPhase section */

/* Begin PBXFileReference section */
		2E0D92E21F593471005CBAEA /* MapVC+MapboxDelegate.swift */ = {isa = PBXFileReference; fileEncoding = 4; lastKnownFileType = sourcecode.swift; path = "MapVC+MapboxDelegate.swift"; sourceTree = "<group>"; };
		2E0D92E61F594145005CBAEA /* MapVC+Utilities.swift */ = {isa = PBXFileReference; fileEncoding = 4; lastKnownFileType = sourcecode.swift; path = "MapVC+Utilities.swift"; sourceTree = "<group>"; };
		2E0D92E91F594233005CBAEA /* MapVC+OrgnizeSubViews.swift */ = {isa = PBXFileReference; fileEncoding = 4; lastKnownFileType = sourcecode.swift; path = "MapVC+OrgnizeSubViews.swift"; sourceTree = "<group>"; };
		2E0D92EB1F595451005CBAEA /* MapVC+UserInteraction.swift */ = {isa = PBXFileReference; fileEncoding = 4; lastKnownFileType = sourcecode.swift; path = "MapVC+UserInteraction.swift"; sourceTree = "<group>"; };
		2E0D92ED1F59AA85005CBAEA /* Animo.framework */ = {isa = PBXFileReference; lastKnownFileType = wrapper.framework; name = Animo.framework; path = Carthage/Build/iOS/Animo.framework; sourceTree = "<group>"; };
		2E1003031F5F91CE0093A380 /* SnapKit.framework */ = {isa = PBXFileReference; lastKnownFileType = wrapper.framework; path = SnapKit.framework; sourceTree = "<group>"; };
		2E1640411F5D85A6006CFC4D /* BinInfromationViewController.swift */ = {isa = PBXFileReference; fileEncoding = 4; lastKnownFileType = sourcecode.swift; path = BinInfromationViewController.swift; sourceTree = "<group>"; };
		2E1640431F5D8A03006CFC4D /* Hero.framework */ = {isa = PBXFileReference; lastKnownFileType = wrapper.framework; name = Hero.framework; path = Carthage/Build/iOS/Hero.framework; sourceTree = "<group>"; };
		2E2009B61F5A5470008FBF26 /* MapVC+DrawMap.swift */ = {isa = PBXFileReference; fileEncoding = 4; lastKnownFileType = sourcecode.swift; path = "MapVC+DrawMap.swift"; sourceTree = "<group>"; };
		2E2009B81F5AFCFD008FBF26 /* AMPopTip.framework */ = {isa = PBXFileReference; lastKnownFileType = wrapper.framework; name = AMPopTip.framework; path = Carthage/Build/iOS/AMPopTip.framework; sourceTree = "<group>"; };
		2E2009BB1F5B01EF008FBF26 /* StyleCalloutView.swift */ = {isa = PBXFileReference; fileEncoding = 4; lastKnownFileType = sourcecode.swift; path = StyleCalloutView.swift; sourceTree = "<group>"; };
		2E2009BD1F5B2651008FBF26 /* Stellar.framework */ = {isa = PBXFileReference; lastKnownFileType = wrapper.framework; name = Stellar.framework; path = Carthage/Build/iOS/Stellar.framework; sourceTree = "<group>"; };
		2E38B7411F5EBF2E001CC676 /* MapboxStatic.framework */ = {isa = PBXFileReference; lastKnownFileType = wrapper.framework; path = MapboxStatic.framework; sourceTree = "<group>"; };
		2E5F4D2D1F42FC270050AD76 /* Environment Behavior.app */ = {isa = PBXFileReference; explicitFileType = wrapper.application; includeInIndex = 0; path = "Environment Behavior.app"; sourceTree = BUILT_PRODUCTS_DIR; };
		2E5F4D301F42FC270050AD76 /* AppDelegate.swift */ = {isa = PBXFileReference; lastKnownFileType = sourcecode.swift; path = AppDelegate.swift; sourceTree = "<group>"; };
		2E5F4D321F42FC270050AD76 /* MapViewController.swift */ = {isa = PBXFileReference; lastKnownFileType = sourcecode.swift; path = MapViewController.swift; sourceTree = "<group>"; };
		2E5F4D351F42FC270050AD76 /* Base */ = {isa = PBXFileReference; lastKnownFileType = file.storyboard; name = Base; path = Base.lproj/Main.storyboard; sourceTree = "<group>"; };
		2E5F4D381F42FC270050AD76 /* Environment_Behavior.xcdatamodel */ = {isa = PBXFileReference; lastKnownFileType = wrapper.xcdatamodel; path = Environment_Behavior.xcdatamodel; sourceTree = "<group>"; };
		2E5F4D3A1F42FC270050AD76 /* Assets.xcassets */ = {isa = PBXFileReference; lastKnownFileType = folder.assetcatalog; path = Assets.xcassets; sourceTree = "<group>"; };
		2E5F4D3D1F42FC270050AD76 /* Base */ = {isa = PBXFileReference; lastKnownFileType = file.storyboard; name = Base; path = Base.lproj/LaunchScreen.storyboard; sourceTree = "<group>"; };
		2E5F4D3F1F42FC270050AD76 /* Info.plist */ = {isa = PBXFileReference; lastKnownFileType = text.plist.xml; path = Info.plist; sourceTree = "<group>"; };
		2E5F4D451F42FC520050AD76 /* Mapbox.framework */ = {isa = PBXFileReference; lastKnownFileType = wrapper.framework; path = Mapbox.framework; sourceTree = "<group>"; };
		2E5F4D4A1F4301A40050AD76 /* NodeAnnotation.swift */ = {isa = PBXFileReference; fileEncoding = 4; lastKnownFileType = sourcecode.swift; path = NodeAnnotation.swift; sourceTree = "<group>"; };
		2E5F4D4B1F4301A40050AD76 /* StyleAnnotationView.swift */ = {isa = PBXFileReference; fileEncoding = 4; lastKnownFileType = sourcecode.swift; path = StyleAnnotationView.swift; sourceTree = "<group>"; };
		2E5F4D4C1F4301A40050AD76 /* RouteLine.swift */ = {isa = PBXFileReference; fileEncoding = 4; lastKnownFileType = sourcecode.swift; path = RouteLine.swift; sourceTree = "<group>"; };
		2E5F4D4D1F4301A40050AD76 /* Node.swift */ = {isa = PBXFileReference; fileEncoding = 4; lastKnownFileType = sourcecode.swift; path = Node.swift; sourceTree = "<group>"; };
		2E5F4D4E1F4301A40050AD76 /* WebGraph.swift */ = {isa = PBXFileReference; fileEncoding = 4; lastKnownFileType = sourcecode.swift; path = WebGraph.swift; sourceTree = "<group>"; };
		2E5F4D4F1F4301A40050AD76 /* Stack.swift */ = {isa = PBXFileReference; fileEncoding = 4; lastKnownFileType = sourcecode.swift; path = Stack.swift; sourceTree = "<group>"; };
		2E5F4D501F4301A40050AD76 /* Array+RemovObject.swift */ = {isa = PBXFileReference; fileEncoding = 4; lastKnownFileType = sourcecode.swift; path = "Array+RemovObject.swift"; sourceTree = "<group>"; };
		2E5F4D511F4301A40050AD76 /* Queue.swift */ = {isa = PBXFileReference; fileEncoding = 4; lastKnownFileType = sourcecode.swift; path = Queue.swift; sourceTree = "<group>"; };
		2E7A00E81F4DCE4A001D16C8 /* Hero.framework */ = {isa = PBXFileReference; lastKnownFileType = wrapper.framework; name = Hero.framework; path = Carthage/Build/iOS/Hero.framework; sourceTree = "<group>"; };
		2E851DDC1F442D22003AC75E /* StyleAnnotationImage.swift */ = {isa = PBXFileReference; fileEncoding = 4; lastKnownFileType = sourcecode.swift; path = StyleAnnotationImage.swift; sourceTree = "<group>"; };
		2EEA85D61F46CD9C009134EC /* Hero.framework */ = {isa = PBXFileReference; lastKnownFileType = wrapper.framework; name = Hero.framework; path = Carthage/Build/iOS/Hero.framework; sourceTree = SOURCE_ROOT; };
/* End PBXFileReference section */

/* Begin PBXFrameworksBuildPhase section */
		2E5F4D2A1F42FC270050AD76 /* Frameworks */ = {
			isa = PBXFrameworksBuildPhase;
			buildActionMask = 2147483647;
			files = (
				2E2009BE1F5B2651008FBF26 /* Stellar.framework in Frameworks */,
				2E2009B91F5AFCFD008FBF26 /* AMPopTip.framework in Frameworks */,
				2E1640441F5D8A03006CFC4D /* Hero.framework in Frameworks */,
				2EEA85D71F46CD9C009134EC /* Hero.framework in Frameworks */,
				2E38B7421F5EBF2E001CC676 /* MapboxStatic.framework in Frameworks */,
				2E5F4D461F42FC520050AD76 /* Mapbox.framework in Frameworks */,
				2E0D92EE1F59AA85005CBAEA /* Animo.framework in Frameworks */,
				2E1003041F5F91CE0093A380 /* SnapKit.framework in Frameworks */,
			);
			runOnlyForDeploymentPostprocessing = 0;
		};
/* End PBXFrameworksBuildPhase section */

/* Begin PBXGroup section */
		2E0D92E11F5933F6005CBAEA /* Graph Elements */ = {
			isa = PBXGroup;
			children = (
				2E5F4D4D1F4301A40050AD76 /* Node.swift */,
				2E5F4D4C1F4301A40050AD76 /* RouteLine.swift */,
				2E5F4D4E1F4301A40050AD76 /* WebGraph.swift */,
				2E5F4D4F1F4301A40050AD76 /* Stack.swift */,
				2E5F4D501F4301A40050AD76 /* Array+RemovObject.swift */,
				2E5F4D511F4301A40050AD76 /* Queue.swift */,
			);
			name = "Graph Elements";
			sourceTree = "<group>";
		};
		2E0D92E81F5941CD005CBAEA /* Map View */ = {
			isa = PBXGroup;
			children = (
				2E5F4D321F42FC270050AD76 /* MapViewController.swift */,
				2E0D92E61F594145005CBAEA /* MapVC+Utilities.swift */,
				2E0D92E21F593471005CBAEA /* MapVC+MapboxDelegate.swift */,
				2E2009B61F5A5470008FBF26 /* MapVC+DrawMap.swift */,
				2E0D92E91F594233005CBAEA /* MapVC+OrgnizeSubViews.swift */,
				2E0D92EB1F595451005CBAEA /* MapVC+UserInteraction.swift */,
				2E2009BB1F5B01EF008FBF26 /* StyleCalloutView.swift */,
				2E5F4D4B1F4301A40050AD76 /* StyleAnnotationView.swift */,
				2E851DDC1F442D22003AC75E /* StyleAnnotationImage.swift */,
				2E5F4D4A1F4301A40050AD76 /* NodeAnnotation.swift */,
			);
			name = "Map View";
			sourceTree = "<group>";
		};
		2E5F4D241F42FC270050AD76 = {
			isa = PBXGroup;
			children = (
				2E1003031F5F91CE0093A380 /* SnapKit.framework */,
				2E38B7411F5EBF2E001CC676 /* MapboxStatic.framework */,
				2E1640431F5D8A03006CFC4D /* Hero.framework */,
				2E2009BD1F5B2651008FBF26 /* Stellar.framework */,
				2E2009B81F5AFCFD008FBF26 /* AMPopTip.framework */,
				2E0D92ED1F59AA85005CBAEA /* Animo.framework */,
				2E7A00E81F4DCE4A001D16C8 /* Hero.framework */,
				2E5F4D451F42FC520050AD76 /* Mapbox.framework */,
				2E5F4D2F1F42FC270050AD76 /* Environment Behavior */,
				2E5F4D2E1F42FC270050AD76 /* Products */,
			);
			sourceTree = "<group>";
		};
		2E5F4D2E1F42FC270050AD76 /* Products */ = {
			isa = PBXGroup;
			children = (
				2E5F4D2D1F42FC270050AD76 /* Environment Behavior.app */,
			);
			name = Products;
			sourceTree = "<group>";
		};
		2E5F4D2F1F42FC270050AD76 /* Environment Behavior */ = {
			isa = PBXGroup;
			children = (
				2EEA85D61F46CD9C009134EC /* Hero.framework */,
				2E5F4D301F42FC270050AD76 /* AppDelegate.swift */,
				2E1640411F5D85A6006CFC4D /* BinInfromationViewController.swift */,
				2E0D92E81F5941CD005CBAEA /* Map View */,
				2E0D92E11F5933F6005CBAEA /* Graph Elements */,
				2E5F4D341F42FC270050AD76 /* Main.storyboard */,
				2E5F4D3A1F42FC270050AD76 /* Assets.xcassets */,
				2E5F4D3C1F42FC270050AD76 /* LaunchScreen.storyboard */,
				2E5F4D3F1F42FC270050AD76 /* Info.plist */,
				2E5F4D371F42FC270050AD76 /* Environment_Behavior.xcdatamodeld */,
			);
			path = "Environment Behavior";
			sourceTree = "<group>";
		};
/* End PBXGroup section */

/* Begin PBXNativeTarget section */
		2E5F4D2C1F42FC270050AD76 /* Environment Behavior */ = {
			isa = PBXNativeTarget;
			buildConfigurationList = 2E5F4D421F42FC270050AD76 /* Build configuration list for PBXNativeTarget "Environment Behavior" */;
			buildPhases = (
				2E5F4D291F42FC270050AD76 /* Sources */,
				2E5F4D2A1F42FC270050AD76 /* Frameworks */,
				2E5F4D2B1F42FC270050AD76 /* Resources */,
				2E5F4D481F42FC520050AD76 /* Embed Frameworks */,
				2E5F4D491F42FDBE0050AD76 /* ShellScript */,
			);
			buildRules = (
			);
			dependencies = (
			);
			name = "Environment Behavior";
			productName = "Environment Behavior";
			productReference = 2E5F4D2D1F42FC270050AD76 /* Environment Behavior.app */;
			productType = "com.apple.product-type.application";
		};
/* End PBXNativeTarget section */

/* Begin PBXProject section */
		2E5F4D251F42FC270050AD76 /* Project object */ = {
			isa = PBXProject;
			attributes = {
				LastSwiftUpdateCheck = 0830;
				LastUpgradeCheck = 0830;
				ORGANIZATIONNAME = "JIAN LI";
				TargetAttributes = {
					2E5F4D2C1F42FC270050AD76 = {
						CreatedOnToolsVersion = 8.3.3;
						DevelopmentTeam = 6KQ6342GL4;
						ProvisioningStyle = Automatic;
					};
				};
			};
			buildConfigurationList = 2E5F4D281F42FC270050AD76 /* Build configuration list for PBXProject "Environment Behavior" */;
			compatibilityVersion = "Xcode 3.2";
			developmentRegion = English;
			hasScannedForEncodings = 0;
			knownRegions = (
				en,
				Base,
			);
			mainGroup = 2E5F4D241F42FC270050AD76;
			productRefGroup = 2E5F4D2E1F42FC270050AD76 /* Products */;
			projectDirPath = "";
			projectRoot = "";
			targets = (
				2E5F4D2C1F42FC270050AD76 /* Environment Behavior */,
			);
		};
/* End PBXProject section */

/* Begin PBXResourcesBuildPhase section */
		2E5F4D2B1F42FC270050AD76 /* Resources */ = {
			isa = PBXResourcesBuildPhase;
			buildActionMask = 2147483647;
			files = (
				2E5F4D3E1F42FC270050AD76 /* LaunchScreen.storyboard in Resources */,
				2E5F4D3B1F42FC270050AD76 /* Assets.xcassets in Resources */,
				2E5F4D361F42FC270050AD76 /* Main.storyboard in Resources */,
			);
			runOnlyForDeploymentPostprocessing = 0;
		};
/* End PBXResourcesBuildPhase section */

/* Begin PBXShellScriptBuildPhase section */
		2E5F4D491F42FDBE0050AD76 /* ShellScript */ = {
			isa = PBXShellScriptBuildPhase;
			buildActionMask = 2147483647;
			files = (
			);
			inputPaths = (
			);
			outputPaths = (
			);
			runOnlyForDeploymentPostprocessing = 0;
			shellPath = /bin/sh;
			shellScript = "bash \"${BUILT_PRODUCTS_DIR}/${FRAMEWORKS_FOLDER_PATH}/Mapbox.framework/strip-frameworks.sh\"";
		};
/* End PBXShellScriptBuildPhase section */

/* Begin PBXSourcesBuildPhase section */
		2E5F4D291F42FC270050AD76 /* Sources */ = {
			isa = PBXSourcesBuildPhase;
			buildActionMask = 2147483647;
			files = (
				2E0D92E71F594145005CBAEA /* MapVC+Utilities.swift in Sources */,
				2E2009BC1F5B01EF008FBF26 /* StyleCalloutView.swift in Sources */,
				2E2009B71F5A5470008FBF26 /* MapVC+DrawMap.swift in Sources */,
				2E5F4D521F4301A40050AD76 /* NodeAnnotation.swift in Sources */,
				2E5F4D571F4301A40050AD76 /* Stack.swift in Sources */,
				2E5F4D581F4301A40050AD76 /* Array+RemovObject.swift in Sources */,
				2E5F4D591F4301A40050AD76 /* Queue.swift in Sources */,
				2E5F4D561F4301A40050AD76 /* WebGraph.swift in Sources */,
				2E0D92E31F593471005CBAEA /* MapVC+MapboxDelegate.swift in Sources */,
				2E5F4D331F42FC270050AD76 /* MapViewController.swift in Sources */,
				2E5F4D531F4301A40050AD76 /* StyleAnnotationView.swift in Sources */,
				2E5F4D541F4301A40050AD76 /* RouteLine.swift in Sources */,
				2E851DDD1F442D22003AC75E /* StyleAnnotationImage.swift in Sources */,
				2E5F4D391F42FC270050AD76 /* Environment_Behavior.xcdatamodeld in Sources */,
				2E1640421F5D85A6006CFC4D /* BinInfromationViewController.swift in Sources */,
				2E5F4D311F42FC270050AD76 /* AppDelegate.swift in Sources */,
				2E0D92EC1F595451005CBAEA /* MapVC+UserInteraction.swift in Sources */,
				2E0D92EA1F594233005CBAEA /* MapVC+OrgnizeSubViews.swift in Sources */,
				2E5F4D551F4301A40050AD76 /* Node.swift in Sources */,
			);
			runOnlyForDeploymentPostprocessing = 0;
		};
/* End PBXSourcesBuildPhase section */

/* Begin PBXVariantGroup section */
		2E5F4D341F42FC270050AD76 /* Main.storyboard */ = {
			isa = PBXVariantGroup;
			children = (
				2E5F4D351F42FC270050AD76 /* Base */,
			);
			name = Main.storyboard;
			sourceTree = "<group>";
		};
		2E5F4D3C1F42FC270050AD76 /* LaunchScreen.storyboard */ = {
			isa = PBXVariantGroup;
			children = (
				2E5F4D3D1F42FC270050AD76 /* Base */,
			);
			name = LaunchScreen.storyboard;
			sourceTree = "<group>";
		};
/* End PBXVariantGroup section */

/* Begin XCBuildConfiguration section */
		2E5F4D401F42FC270050AD76 /* Debug */ = {
			isa = XCBuildConfiguration;
			buildSettings = {
				ALWAYS_SEARCH_USER_PATHS = NO;
				CLANG_ANALYZER_NONNULL = YES;
				CLANG_ANALYZER_NUMBER_OBJECT_CONVERSION = YES_AGGRESSIVE;
				CLANG_CXX_LANGUAGE_STANDARD = "gnu++0x";
				CLANG_CXX_LIBRARY = "libc++";
				CLANG_ENABLE_MODULES = YES;
				CLANG_ENABLE_OBJC_ARC = YES;
				CLANG_WARN_BOOL_CONVERSION = YES;
				CLANG_WARN_CONSTANT_CONVERSION = YES;
				CLANG_WARN_DIRECT_OBJC_ISA_USAGE = YES_ERROR;
				CLANG_WARN_DOCUMENTATION_COMMENTS = YES;
				CLANG_WARN_EMPTY_BODY = YES;
				CLANG_WARN_ENUM_CONVERSION = YES;
				CLANG_WARN_INFINITE_RECURSION = YES;
				CLANG_WARN_INT_CONVERSION = YES;
				CLANG_WARN_OBJC_ROOT_CLASS = YES_ERROR;
				CLANG_WARN_SUSPICIOUS_MOVE = YES;
				CLANG_WARN_UNREACHABLE_CODE = YES;
				CLANG_WARN__DUPLICATE_METHOD_MATCH = YES;
				"CODE_SIGN_IDENTITY[sdk=iphoneos*]" = "iPhone Developer";
				COPY_PHASE_STRIP = NO;
				DEBUG_INFORMATION_FORMAT = dwarf;
				ENABLE_STRICT_OBJC_MSGSEND = YES;
				ENABLE_TESTABILITY = YES;
				GCC_C_LANGUAGE_STANDARD = gnu99;
				GCC_DYNAMIC_NO_PIC = NO;
				GCC_NO_COMMON_BLOCKS = YES;
				GCC_OPTIMIZATION_LEVEL = 0;
				GCC_PREPROCESSOR_DEFINITIONS = (
					"DEBUG=1",
					"$(inherited)",
				);
				GCC_WARN_64_TO_32_BIT_CONVERSION = YES;
				GCC_WARN_ABOUT_RETURN_TYPE = YES_ERROR;
				GCC_WARN_UNDECLARED_SELECTOR = YES;
				GCC_WARN_UNINITIALIZED_AUTOS = YES_AGGRESSIVE;
				GCC_WARN_UNUSED_FUNCTION = YES;
				GCC_WARN_UNUSED_VARIABLE = YES;
				IPHONEOS_DEPLOYMENT_TARGET = 10.3;
				MTL_ENABLE_DEBUG_INFO = YES;
				ONLY_ACTIVE_ARCH = YES;
				SDKROOT = iphoneos;
				SWIFT_ACTIVE_COMPILATION_CONDITIONS = DEBUG;
				SWIFT_OPTIMIZATION_LEVEL = "-Onone";
			};
			name = Debug;
		};
		2E5F4D411F42FC270050AD76 /* Release */ = {
			isa = XCBuildConfiguration;
			buildSettings = {
				ALWAYS_SEARCH_USER_PATHS = NO;
				CLANG_ANALYZER_NONNULL = YES;
				CLANG_ANALYZER_NUMBER_OBJECT_CONVERSION = YES_AGGRESSIVE;
				CLANG_CXX_LANGUAGE_STANDARD = "gnu++0x";
				CLANG_CXX_LIBRARY = "libc++";
				CLANG_ENABLE_MODULES = YES;
				CLANG_ENABLE_OBJC_ARC = YES;
				CLANG_WARN_BOOL_CONVERSION = YES;
				CLANG_WARN_CONSTANT_CONVERSION = YES;
				CLANG_WARN_DIRECT_OBJC_ISA_USAGE = YES_ERROR;
				CLANG_WARN_DOCUMENTATION_COMMENTS = YES;
				CLANG_WARN_EMPTY_BODY = YES;
				CLANG_WARN_ENUM_CONVERSION = YES;
				CLANG_WARN_INFINITE_RECURSION = YES;
				CLANG_WARN_INT_CONVERSION = YES;
				CLANG_WARN_OBJC_ROOT_CLASS = YES_ERROR;
				CLANG_WARN_SUSPICIOUS_MOVE = YES;
				CLANG_WARN_UNREACHABLE_CODE = YES;
				CLANG_WARN__DUPLICATE_METHOD_MATCH = YES;
				"CODE_SIGN_IDENTITY[sdk=iphoneos*]" = "iPhone Developer";
				COPY_PHASE_STRIP = NO;
				DEBUG_INFORMATION_FORMAT = "dwarf-with-dsym";
				ENABLE_NS_ASSERTIONS = NO;
				ENABLE_STRICT_OBJC_MSGSEND = YES;
				GCC_C_LANGUAGE_STANDARD = gnu99;
				GCC_NO_COMMON_BLOCKS = YES;
				GCC_WARN_64_TO_32_BIT_CONVERSION = YES;
				GCC_WARN_ABOUT_RETURN_TYPE = YES_ERROR;
				GCC_WARN_UNDECLARED_SELECTOR = YES;
				GCC_WARN_UNINITIALIZED_AUTOS = YES_AGGRESSIVE;
				GCC_WARN_UNUSED_FUNCTION = YES;
				GCC_WARN_UNUSED_VARIABLE = YES;
				IPHONEOS_DEPLOYMENT_TARGET = 10.3;
				MTL_ENABLE_DEBUG_INFO = NO;
				SDKROOT = iphoneos;
				SWIFT_OPTIMIZATION_LEVEL = "-Owholemodule";
				VALIDATE_PRODUCT = YES;
			};
			name = Release;
		};
		2E5F4D431F42FC270050AD76 /* Debug */ = {
			isa = XCBuildConfiguration;
			buildSettings = {
				ASSETCATALOG_COMPILER_APPICON_NAME = AppIcon;
				DEVELOPMENT_TEAM = 6KQ6342GL4;
				FRAMEWORK_SEARCH_PATHS = (
					"$(inherited)",
					"$(PROJECT_DIR)",
					"$(PROJECT_DIR)/Carthage/Build/iOS",
				);
				INFOPLIST_FILE = "Environment Behavior/Info.plist";
				LD_RUNPATH_SEARCH_PATHS = "$(inherited) @executable_path/Frameworks";
				PRODUCT_BUNDLE_IDENTIFIER = "com.jli.Environment-Behavior";
				PRODUCT_NAME = "$(TARGET_NAME)";
				SWIFT_OPTIMIZATION_LEVEL = "-Onone";
				SWIFT_VERSION = 3.0;
			};
			name = Debug;
		};
		2E5F4D441F42FC270050AD76 /* Release */ = {
			isa = XCBuildConfiguration;
			buildSettings = {
				ASSETCATALOG_COMPILER_APPICON_NAME = AppIcon;
				DEVELOPMENT_TEAM = 6KQ6342GL4;
				FRAMEWORK_SEARCH_PATHS = (
					"$(inherited)",
					"$(PROJECT_DIR)",
					"$(PROJECT_DIR)/Carthage/Build/iOS",
				);
				INFOPLIST_FILE = "Environment Behavior/Info.plist";
				LD_RUNPATH_SEARCH_PATHS = "$(inherited) @executable_path/Frameworks";
				PRODUCT_BUNDLE_IDENTIFIER = "com.jli.Environment-Behavior";
				PRODUCT_NAME = "$(TARGET_NAME)";
				SWIFT_OPTIMIZATION_LEVEL = "-Onone";
				SWIFT_VERSION = 3.0;
			};
			name = Release;
		};
/* End XCBuildConfiguration section */

/* Begin XCConfigurationList section */
		2E5F4D281F42FC270050AD76 /* Build configuration list for PBXProject "Environment Behavior" */ = {
			isa = XCConfigurationList;
			buildConfigurations = (
				2E5F4D401F42FC270050AD76 /* Debug */,
				2E5F4D411F42FC270050AD76 /* Release */,
			);
			defaultConfigurationIsVisible = 0;
			defaultConfigurationName = Release;
		};
		2E5F4D421F42FC270050AD76 /* Build configuration list for PBXNativeTarget "Environment Behavior" */ = {
			isa = XCConfigurationList;
			buildConfigurations = (
				2E5F4D431F42FC270050AD76 /* Debug */,
				2E5F4D441F42FC270050AD76 /* Release */,
			);
			defaultConfigurationIsVisible = 0;
			defaultConfigurationName = Release;
		};
/* End XCConfigurationList section */

/* Begin XCVersionGroup section */
		2E5F4D371F42FC270050AD76 /* Environment_Behavior.xcdatamodeld */ = {
			isa = XCVersionGroup;
			children = (
				2E5F4D381F42FC270050AD76 /* Environment_Behavior.xcdatamodel */,
			);
			currentVersion = 2E5F4D381F42FC270050AD76 /* Environment_Behavior.xcdatamodel */;
			path = Environment_Behavior.xcdatamodeld;
			sourceTree = "<group>";
			versionGroupType = wrapper.xcdatamodel;
		};
/* End XCVersionGroup section */
	};
	rootObject = 2E5F4D251F42FC270050AD76 /* Project object */;
}
